# This file is automatically @generated by Cargo.
# It is not intended for manual editing.
version = 4

[[package]]
name = "fonetiks"
version = "0.1.0"
dependencies = [
 "input_loop",
]

[[package]]
name = "input_loop"
version = "0.1.2"
source = "registry+https://github.com/rust-lang/crates.io-index"
checksum = "794d0fc8ffc4facc3fa430bc397ca09638d28c8a2292c6ee3ef40220e096f167"
